// !$*UTF8*$!
{
	archiveVersion = 1;
	classes = {
	};
	objectVersion = 50;
	objects = {

/* Begin PBXBuildFile section */
		F4795832260E0E710068DFC1 /* AppDelegate.swift in Sources */ = {isa = PBXBuildFile; fileRef = F4795831260E0E710068DFC1 /* AppDelegate.swift */; };
		F4795834260E0E710068DFC1 /* DebugView.swift in Sources */ = {isa = PBXBuildFile; fileRef = F4795833260E0E710068DFC1 /* DebugView.swift */; };
		F4795836260E0E720068DFC1 /* Assets.xcassets in Resources */ = {isa = PBXBuildFile; fileRef = F4795835260E0E720068DFC1 /* Assets.xcassets */; };
		F4795839260E0E720068DFC1 /* Preview Assets.xcassets in Resources */ = {isa = PBXBuildFile; fileRef = F4795838260E0E720068DFC1 /* Preview Assets.xcassets */; };
		F479583C260E0E720068DFC1 /* Main.storyboard in Resources */ = {isa = PBXBuildFile; fileRef = F479583A260E0E720068DFC1 /* Main.storyboard */; };
		F4795845260E0EE30068DFC1 /* FanSimulationEngine.swift in Sources */ = {isa = PBXBuildFile; fileRef = F4795844260E0EE30068DFC1 /* FanSimulationEngine.swift */; };
		F479584B260E11F40068DFC1 /* Lerp.swift in Sources */ = {isa = PBXBuildFile; fileRef = F479584A260E11F40068DFC1 /* Lerp.swift */; };
		F479584D260E13A80068DFC1 /* SystemLoadMonitor.swift in Sources */ = {isa = PBXBuildFile; fileRef = F479584C260E13A80068DFC1 /* SystemLoadMonitor.swift */; };
		F4795850260E1BE90068DFC1 /* DisplayLink.swift in Sources */ = {isa = PBXBuildFile; fileRef = F479584F260E1BE90068DFC1 /* DisplayLink.swift */; };
		F4795852260E1C090068DFC1 /* Animator.swift in Sources */ = {isa = PBXBuildFile; fileRef = F4795851260E1C090068DFC1 /* Animator.swift */; };
		F4795856260E233B0068DFC1 /* 4800.wav in Resources */ = {isa = PBXBuildFile; fileRef = F4795855260E233B0068DFC1 /* 4800.wav */; };
		F479585A260E23EE0068DFC1 /* AudioController.m in Sources */ = {isa = PBXBuildFile; fileRef = F4795859260E23EE0068DFC1 /* AudioController.m */; };
		F4795861260E2EA30068DFC1 /* Readme.html in Resources */ = {isa = PBXBuildFile; fileRef = F4795860260E2EA30068DFC1 /* Readme.html */; };
/* End PBXBuildFile section */

/* Begin PBXFileReference section */
		F479582E260E0E710068DFC1 /* FanFan.app */ = {isa = PBXFileReference; explicitFileType = wrapper.application; includeInIndex = 0; path = FanFan.app; sourceTree = BUILT_PRODUCTS_DIR; };
		F4795831260E0E710068DFC1 /* AppDelegate.swift */ = {isa = PBXFileReference; lastKnownFileType = sourcecode.swift; path = AppDelegate.swift; sourceTree = "<group>"; };
		F4795833260E0E710068DFC1 /* DebugView.swift */ = {isa = PBXFileReference; lastKnownFileType = sourcecode.swift; path = DebugView.swift; sourceTree = "<group>"; };
		F4795835260E0E720068DFC1 /* Assets.xcassets */ = {isa = PBXFileReference; lastKnownFileType = folder.assetcatalog; path = Assets.xcassets; sourceTree = "<group>"; };
		F4795838260E0E720068DFC1 /* Preview Assets.xcassets */ = {isa = PBXFileReference; lastKnownFileType = folder.assetcatalog; path = "Preview Assets.xcassets"; sourceTree = "<group>"; };
		F479583B260E0E720068DFC1 /* Base */ = {isa = PBXFileReference; lastKnownFileType = file.storyboard; name = Base; path = Base.lproj/Main.storyboard; sourceTree = "<group>"; };
		F479583D260E0E720068DFC1 /* Info.plist */ = {isa = PBXFileReference; lastKnownFileType = text.plist.xml; path = Info.plist; sourceTree = "<group>"; };
		F479583E260E0E720068DFC1 /* FanFan.entitlements */ = {isa = PBXFileReference; lastKnownFileType = text.plist.entitlements; path = FanFan.entitlements; sourceTree = "<group>"; };
		F4795844260E0EE30068DFC1 /* FanSimulationEngine.swift */ = {isa = PBXFileReference; lastKnownFileType = sourcecode.swift; path = FanSimulationEngine.swift; sourceTree = "<group>"; };
		F479584A260E11F40068DFC1 /* Lerp.swift */ = {isa = PBXFileReference; fileEncoding = 4; lastKnownFileType = sourcecode.swift; path = Lerp.swift; sourceTree = "<group>"; };
		F479584C260E13A80068DFC1 /* SystemLoadMonitor.swift */ = {isa = PBXFileReference; lastKnownFileType = sourcecode.swift; path = SystemLoadMonitor.swift; sourceTree = "<group>"; };
		F479584F260E1BE90068DFC1 /* DisplayLink.swift */ = {isa = PBXFileReference; fileEncoding = 4; lastKnownFileType = sourcecode.swift; path = DisplayLink.swift; sourceTree = "<group>"; };
		F4795851260E1C090068DFC1 /* Animator.swift */ = {isa = PBXFileReference; lastKnownFileType = sourcecode.swift; path = Animator.swift; sourceTree = "<group>"; };
		F4795855260E233B0068DFC1 /* 4800.wav */ = {isa = PBXFileReference; lastKnownFileType = audio.wav; path = 4800.wav; sourceTree = "<group>"; };
		F4795857260E23ED0068DFC1 /* FanFan-Bridging-Header.h */ = {isa = PBXFileReference; lastKnownFileType = sourcecode.c.h; path = "FanFan-Bridging-Header.h"; sourceTree = "<group>"; };
		F4795858260E23EE0068DFC1 /* AudioController.h */ = {isa = PBXFileReference; lastKnownFileType = sourcecode.c.h; path = AudioController.h; sourceTree = "<group>"; };
		F4795859260E23EE0068DFC1 /* AudioController.m */ = {isa = PBXFileReference; lastKnownFileType = sourcecode.c.objc; path = AudioController.m; sourceTree = "<group>"; };
		F4795860260E2EA30068DFC1 /* Readme.html */ = {isa = PBXFileReference; lastKnownFileType = text.html; path = Readme.html; sourceTree = "<group>"; };
/* End PBXFileReference section */

/* Begin PBXFrameworksBuildPhase section */
		F479582B260E0E710068DFC1 /* Frameworks */ = {
			isa = PBXFrameworksBuildPhase;
			buildActionMask = 2147483647;
			files = (
			);
			runOnlyForDeploymentPostprocessing = 0;
		};
/* End PBXFrameworksBuildPhase section */

/* Begin PBXGroup section */
		F4795825260E0E710068DFC1 = {
			isa = PBXGroup;
			children = (
				F4795830260E0E710068DFC1 /* FanFan */,
				F479582F260E0E710068DFC1 /* Products */,
			);
			sourceTree = "<group>";
		};
		F479582F260E0E710068DFC1 /* Products */ = {
			isa = PBXGroup;
			children = (
				F479582E260E0E710068DFC1 /* FanFan.app */,
			);
			name = Products;
			sourceTree = "<group>";
		};
		F4795830260E0E710068DFC1 /* FanFan */ = {
			isa = PBXGroup;
			children = (
				F479585C260E263E0068DFC1 /* Core */,
				F479585B260E25EF0068DFC1 /* Resources */,
				F4795831260E0E710068DFC1 /* AppDelegate.swift */,
				F4795833260E0E710068DFC1 /* DebugView.swift */,
				F4795860260E2EA30068DFC1 /* Readme.html */,
				F4795857260E23ED0068DFC1 /* FanFan-Bridging-Header.h */,
			);
			path = FanFan;
			sourceTree = "<group>";
		};
		F4795837260E0E720068DFC1 /* Preview Content */ = {
			isa = PBXGroup;
			children = (
				F4795838260E0E720068DFC1 /* Preview Assets.xcassets */,
			);
			path = "Preview Content";
			sourceTree = "<group>";
		};
		F479585B260E25EF0068DFC1 /* Resources */ = {
			isa = PBXGroup;
			children = (
				F4795835260E0E720068DFC1 /* Assets.xcassets */,
				F479583A260E0E720068DFC1 /* Main.storyboard */,
				F479583D260E0E720068DFC1 /* Info.plist */,
				F479583E260E0E720068DFC1 /* FanFan.entitlements */,
				F4795837260E0E720068DFC1 /* Preview Content */,
				F4795855260E233B0068DFC1 /* 4800.wav */,
			);
			path = Resources;
			sourceTree = "<group>";
		};
		F479585C260E263E0068DFC1 /* Core */ = {
			isa = PBXGroup;
			children = (
				F4EA900526160B2D0015C76E /* System */,
				F4EA900426160B210015C76E /* Audio */,
				F4EA900326160B110015C76E /* Math */,
			);
			path = Core;
			sourceTree = "<group>";
		};
		F4EA900326160B110015C76E /* Math */ = {
			isa = PBXGroup;
			children = (
				F479584A260E11F40068DFC1 /* Lerp.swift */,
				F4795851260E1C090068DFC1 /* Animator.swift */,
				F479584F260E1BE90068DFC1 /* DisplayLink.swift */,
			);
			path = Math;
			sourceTree = "<group>";
		};
		F4EA900426160B210015C76E /* Audio */ = {
			isa = PBXGroup;
			children = (
				F4795858260E23EE0068DFC1 /* AudioController.h */,
				F4795859260E23EE0068DFC1 /* AudioController.m */,
				F4795844260E0EE30068DFC1 /* FanSimulationEngine.swift */,
			);
			path = Audio;
			sourceTree = "<group>";
		};
		F4EA900526160B2D0015C76E /* System */ = {
			isa = PBXGroup;
			children = (
				F479584C260E13A80068DFC1 /* SystemLoadMonitor.swift */,
			);
			path = System;
			sourceTree = "<group>";
		};
/* End PBXGroup section */

/* Begin PBXNativeTarget section */
		F479582D260E0E710068DFC1 /* FanFan */ = {
			isa = PBXNativeTarget;
			buildConfigurationList = F4795841260E0E720068DFC1 /* Build configuration list for PBXNativeTarget "FanFan" */;
			buildPhases = (
				F479582A260E0E710068DFC1 /* Sources */,
				F479582B260E0E710068DFC1 /* Frameworks */,
				F479582C260E0E710068DFC1 /* Resources */,
			);
			buildRules = (
			);
			dependencies = (
			);
			name = FanFan;
			productName = FanFan;
			productReference = F479582E260E0E710068DFC1 /* FanFan.app */;
			productType = "com.apple.product-type.application";
		};
/* End PBXNativeTarget section */

/* Begin PBXProject section */
		F4795826260E0E710068DFC1 /* Project object */ = {
			isa = PBXProject;
			attributes = {
				LastSwiftUpdateCheck = 1250;
				LastUpgradeCheck = 1250;
				TargetAttributes = {
					F479582D260E0E710068DFC1 = {
						CreatedOnToolsVersion = 12.5;
						LastSwiftMigration = 1250;
					};
				};
			};
			buildConfigurationList = F4795829260E0E710068DFC1 /* Build configuration list for PBXProject "FanFan" */;
			compatibilityVersion = "Xcode 9.3";
			developmentRegion = en;
			hasScannedForEncodings = 0;
			knownRegions = (
				en,
				Base,
			);
			mainGroup = F4795825260E0E710068DFC1;
			productRefGroup = F479582F260E0E710068DFC1 /* Products */;
			projectDirPath = "";
			projectRoot = "";
			targets = (
				F479582D260E0E710068DFC1 /* FanFan */,
			);
		};
/* End PBXProject section */

/* Begin PBXResourcesBuildPhase section */
		F479582C260E0E710068DFC1 /* Resources */ = {
			isa = PBXResourcesBuildPhase;
			buildActionMask = 2147483647;
			files = (
				F4795861260E2EA30068DFC1 /* Readme.html in Resources */,
				F479583C260E0E720068DFC1 /* Main.storyboard in Resources */,
				F4795856260E233B0068DFC1 /* 4800.wav in Resources */,
				F4795839260E0E720068DFC1 /* Preview Assets.xcassets in Resources */,
				F4795836260E0E720068DFC1 /* Assets.xcassets in Resources */,
			);
			runOnlyForDeploymentPostprocessing = 0;
		};
/* End PBXResourcesBuildPhase section */

/* Begin PBXSourcesBuildPhase section */
		F479582A260E0E710068DFC1 /* Sources */ = {
			isa = PBXSourcesBuildPhase;
			buildActionMask = 2147483647;
			files = (
				F479584B260E11F40068DFC1 /* Lerp.swift in Sources */,
				F4795845260E0EE30068DFC1 /* FanSimulationEngine.swift in Sources */,
				F479585A260E23EE0068DFC1 /* AudioController.m in Sources */,
				F479584D260E13A80068DFC1 /* SystemLoadMonitor.swift in Sources */,
				F4795834260E0E710068DFC1 /* DebugView.swift in Sources */,
				F4795850260E1BE90068DFC1 /* DisplayLink.swift in Sources */,
				F4795852260E1C090068DFC1 /* Animator.swift in Sources */,
				F4795832260E0E710068DFC1 /* AppDelegate.swift in Sources */,
			);
			runOnlyForDeploymentPostprocessing = 0;
		};
/* End PBXSourcesBuildPhase section */

/* Begin PBXVariantGroup section */
		F479583A260E0E720068DFC1 /* Main.storyboard */ = {
			isa = PBXVariantGroup;
			children = (
				F479583B260E0E720068DFC1 /* Base */,
			);
			name = Main.storyboard;
			sourceTree = "<group>";
		};
/* End PBXVariantGroup section */

/* Begin XCBuildConfiguration section */
		F479583F260E0E720068DFC1 /* Debug */ = {
			isa = XCBuildConfiguration;
			buildSettings = {
				ALWAYS_SEARCH_USER_PATHS = NO;
				CLANG_ANALYZER_NONNULL = YES;
				CLANG_ANALYZER_NUMBER_OBJECT_CONVERSION = YES_AGGRESSIVE;
				CLANG_CXX_LANGUAGE_STANDARD = "gnu++14";
				CLANG_CXX_LIBRARY = "libc++";
				CLANG_ENABLE_MODULES = YES;
				CLANG_ENABLE_OBJC_ARC = YES;
				CLANG_ENABLE_OBJC_WEAK = YES;
				CLANG_WARN_BLOCK_CAPTURE_AUTORELEASING = YES;
				CLANG_WARN_BOOL_CONVERSION = YES;
				CLANG_WARN_COMMA = YES;
				CLANG_WARN_CONSTANT_CONVERSION = YES;
				CLANG_WARN_DEPRECATED_OBJC_IMPLEMENTATIONS = YES;
				CLANG_WARN_DIRECT_OBJC_ISA_USAGE = YES_ERROR;
				CLANG_WARN_DOCUMENTATION_COMMENTS = YES;
				CLANG_WARN_EMPTY_BODY = YES;
				CLANG_WARN_ENUM_CONVERSION = YES;
				CLANG_WARN_INFINITE_RECURSION = YES;
				CLANG_WARN_INT_CONVERSION = YES;
				CLANG_WARN_NON_LITERAL_NULL_CONVERSION = YES;
				CLANG_WARN_OBJC_IMPLICIT_RETAIN_SELF = YES;
				CLANG_WARN_OBJC_LITERAL_CONVERSION = YES;
				CLANG_WARN_OBJC_ROOT_CLASS = YES_ERROR;
				CLANG_WARN_QUOTED_INCLUDE_IN_FRAMEWORK_HEADER = YES;
				CLANG_WARN_RANGE_LOOP_ANALYSIS = YES;
				CLANG_WARN_STRICT_PROTOTYPES = YES;
				CLANG_WARN_SUSPICIOUS_MOVE = YES;
				CLANG_WARN_UNGUARDED_AVAILABILITY = YES_AGGRESSIVE;
				CLANG_WARN_UNREACHABLE_CODE = YES;
				CLANG_WARN__DUPLICATE_METHOD_MATCH = YES;
				COPY_PHASE_STRIP = NO;
				DEBUG_INFORMATION_FORMAT = dwarf;
				ENABLE_STRICT_OBJC_MSGSEND = YES;
				ENABLE_TESTABILITY = YES;
				GCC_C_LANGUAGE_STANDARD = gnu11;
				GCC_DYNAMIC_NO_PIC = NO;
				GCC_NO_COMMON_BLOCKS = YES;
				GCC_OPTIMIZATION_LEVEL = 0;
				GCC_PREPROCESSOR_DEFINITIONS = (
					"DEBUG=1",
					"$(inherited)",
				);
				GCC_WARN_64_TO_32_BIT_CONVERSION = YES;
				GCC_WARN_ABOUT_RETURN_TYPE = YES_ERROR;
				GCC_WARN_UNDECLARED_SELECTOR = YES;
				GCC_WARN_UNINITIALIZED_AUTOS = YES_AGGRESSIVE;
				GCC_WARN_UNUSED_FUNCTION = YES;
				GCC_WARN_UNUSED_VARIABLE = YES;
				MACOSX_DEPLOYMENT_TARGET = 11.2;
				MTL_ENABLE_DEBUG_INFO = INCLUDE_SOURCE;
				MTL_FAST_MATH = YES;
				ONLY_ACTIVE_ARCH = YES;
				SDKROOT = macosx;
				SWIFT_ACTIVE_COMPILATION_CONDITIONS = DEBUG;
				SWIFT_OPTIMIZATION_LEVEL = "-Onone";
			};
			name = Debug;
		};
		F4795840260E0E720068DFC1 /* Release */ = {
			isa = XCBuildConfiguration;
			buildSettings = {
				ALWAYS_SEARCH_USER_PATHS = NO;
				CLANG_ANALYZER_NONNULL = YES;
				CLANG_ANALYZER_NUMBER_OBJECT_CONVERSION = YES_AGGRESSIVE;
				CLANG_CXX_LANGUAGE_STANDARD = "gnu++14";
				CLANG_CXX_LIBRARY = "libc++";
				CLANG_ENABLE_MODULES = YES;
				CLANG_ENABLE_OBJC_ARC = YES;
				CLANG_ENABLE_OBJC_WEAK = YES;
				CLANG_WARN_BLOCK_CAPTURE_AUTORELEASING = YES;
				CLANG_WARN_BOOL_CONVERSION = YES;
				CLANG_WARN_COMMA = YES;
				CLANG_WARN_CONSTANT_CONVERSION = YES;
				CLANG_WARN_DEPRECATED_OBJC_IMPLEMENTATIONS = YES;
				CLANG_WARN_DIRECT_OBJC_ISA_USAGE = YES_ERROR;
				CLANG_WARN_DOCUMENTATION_COMMENTS = YES;
				CLANG_WARN_EMPTY_BODY = YES;
				CLANG_WARN_ENUM_CONVERSION = YES;
				CLANG_WARN_INFINITE_RECURSION = YES;
				CLANG_WARN_INT_CONVERSION = YES;
				CLANG_WARN_NON_LITERAL_NULL_CONVERSION = YES;
				CLANG_WARN_OBJC_IMPLICIT_RETAIN_SELF = YES;
				CLANG_WARN_OBJC_LITERAL_CONVERSION = YES;
				CLANG_WARN_OBJC_ROOT_CLASS = YES_ERROR;
				CLANG_WARN_QUOTED_INCLUDE_IN_FRAMEWORK_HEADER = YES;
				CLANG_WARN_RANGE_LOOP_ANALYSIS = YES;
				CLANG_WARN_STRICT_PROTOTYPES = YES;
				CLANG_WARN_SUSPICIOUS_MOVE = YES;
				CLANG_WARN_UNGUARDED_AVAILABILITY = YES_AGGRESSIVE;
				CLANG_WARN_UNREACHABLE_CODE = YES;
				CLANG_WARN__DUPLICATE_METHOD_MATCH = YES;
				COPY_PHASE_STRIP = NO;
				DEBUG_INFORMATION_FORMAT = "dwarf-with-dsym";
				ENABLE_NS_ASSERTIONS = NO;
				ENABLE_STRICT_OBJC_MSGSEND = YES;
				GCC_C_LANGUAGE_STANDARD = gnu11;
				GCC_NO_COMMON_BLOCKS = YES;
				GCC_WARN_64_TO_32_BIT_CONVERSION = YES;
				GCC_WARN_ABOUT_RETURN_TYPE = YES_ERROR;
				GCC_WARN_UNDECLARED_SELECTOR = YES;
				GCC_WARN_UNINITIALIZED_AUTOS = YES_AGGRESSIVE;
				GCC_WARN_UNUSED_FUNCTION = YES;
				GCC_WARN_UNUSED_VARIABLE = YES;
				MACOSX_DEPLOYMENT_TARGET = 11.2;
				MTL_ENABLE_DEBUG_INFO = NO;
				MTL_FAST_MATH = YES;
				SDKROOT = macosx;
				SWIFT_COMPILATION_MODE = wholemodule;
				SWIFT_OPTIMIZATION_LEVEL = "-O";
			};
			name = Release;
		};
		F4795842260E0E720068DFC1 /* Debug */ = {
			isa = XCBuildConfiguration;
			buildSettings = {
				ASSETCATALOG_COMPILER_APPICON_NAME = AppIcon;
				ASSETCATALOG_COMPILER_GLOBAL_ACCENT_COLOR_NAME = AccentColor;
				CLANG_ENABLE_MODULES = YES;
				CODE_SIGN_ENTITLEMENTS = FanFan/Resources/FanFan.entitlements;
				CODE_SIGN_STYLE = Automatic;
				COMBINE_HIDPI_IMAGES = YES;
				DEVELOPMENT_ASSET_PATHS = "\"FanFan/Resources/Preview Content\"";
				DEVELOPMENT_TEAM = 8C7439RJLG;
				ENABLE_HARDENED_RUNTIME = YES;
				ENABLE_PREVIEWS = YES;
				INFOPLIST_FILE = FanFan/Resources/Info.plist;
				LD_RUNPATH_SEARCH_PATHS = (
					"$(inherited)",
					"@executable_path/../Frameworks",
				);
				MACOSX_DEPLOYMENT_TARGET = 10.15;
				PRODUCT_BUNDLE_IDENTIFIER = codes.rambo.ilarp.FanFan;
				PRODUCT_NAME = "$(TARGET_NAME)";
				SWIFT_OBJC_BRIDGING_HEADER = "FanFan/FanFan-Bridging-Header.h";
				SWIFT_OPTIMIZATION_LEVEL = "-Onone";
				SWIFT_VERSION = 5.0;
			};
			name = Debug;
		};
		F4795843260E0E720068DFC1 /* Release */ = {
			isa = XCBuildConfiguration;
			buildSettings = {
				ASSETCATALOG_COMPILER_APPICON_NAME = AppIcon;
				ASSETCATALOG_COMPILER_GLOBAL_ACCENT_COLOR_NAME = AccentColor;
				CLANG_ENABLE_MODULES = YES;
				CODE_SIGN_ENTITLEMENTS = FanFan/Resources/FanFan.entitlements;
				CODE_SIGN_STYLE = Automatic;
				COMBINE_HIDPI_IMAGES = YES;
				DEVELOPMENT_ASSET_PATHS = "\"FanFan/Resources/Preview Content\"";
				DEVELOPMENT_TEAM = 8C7439RJLG;
				ENABLE_HARDENED_RUNTIME = YES;
				ENABLE_PREVIEWS = YES;
				INFOPLIST_FILE = FanFan/Resources/Info.plist;
				LD_RUNPATH_SEARCH_PATHS = (
					"$(inherited)",
					"@executable_path/../Frameworks",
				);
				MACOSX_DEPLOYMENT_TARGET = 10.15;
				PRODUCT_BUNDLE_IDENTIFIER = codes.rambo.ilarp.FanFan;
				PRODUCT_NAME = "$(TARGET_NAME)";
				SWIFT_OBJC_BRIDGING_HEADER = "FanFan/FanFan-Bridging-Header.h";
				SWIFT_VERSION = 5.0;
			};
			name = Release;
		};
/* End XCBuildConfiguration section */

/* Begin XCConfigurationList section */
		F4795829260E0E710068DFC1 /* Build configuration list for PBXProject "FanFan" */ = {
			isa = XCConfigurationList;
			buildConfigurations = (
				F479583F260E0E720068DFC1 /* Debug */,
				F4795840260E0E720068DFC1 /* Release */,
			);
			defaultConfigurationIsVisible = 0;
			defaultConfigurationName = Release;
		};
		F4795841260E0E720068DFC1 /* Build configuration list for PBXNativeTarget "FanFan" */ = {
			isa = XCConfigurationList;
			buildConfigurations = (
				F4795842260E0E720068DFC1 /* Debug */,
				F4795843260E0E720068DFC1 /* Release */,
			);
			defaultConfigurationIsVisible = 0;
			defaultConfigurationName = Release;
		};
/* End XCConfigurationList section */
	};
	rootObject = F4795826260E0E710068DFC1 /* Project object */;
}
